
Microsoft Visual Studio Solution File, Format Version 12.00
# Visual Studio 15
VisualStudioVersion = 15.0.27428.2037
MinimumVisualStudioVersion = 10.0.40219.1
Project("{888888A0-9F3D-457C-B088-3A5042F75D52}") = "makeaddin.py", "ddp_assistant.pyproj", "{E07FC4C8-541B-4058-B3EC-0185D82AD916}"
EndProject
Global
	GlobalSection(SolutionConfigurationPlatforms) = preSolution
		Debug|Any CPU = Debug|Any CPU
		Release|Any CPU = Release|Any CPU
	EndGlobalSection
	GlobalSection(ProjectConfigurationPlatforms) = postSolution
		{E07FC4C8-541B-4058-B3EC-0185D82AD916}.Debug|Any CPU.ActiveCfg = Debug|Any CPU
		{E07FC4C8-541B-4058-B3EC-0185D82AD916}.Release|Any CPU.ActiveCfg = Release|Any CPU
	EndGlobalSection
	GlobalSection(SolutionProperties) = preSolution
		HideSolutionNode = FALSE
	EndGlobalSection
	GlobalSection(ExtensibilityGlobals) = postSolution
		SolutionGuid = {C9EF7297-9842-45FC-8541-5FFBAAC171AA}
	EndGlobalSection
EndGlobal
